<Solution>
  <Folder Name="/src/">
    <Project Path="src/ElBruno.QwenTTS.Core/ElBruno.QwenTTS.Core.csproj" />
    <Project Path="src/ElBruno.QwenTTS.BlazorComponents/ElBruno.QwenTTS.BlazorComponents.csproj" />
    <Project Path="src/ElBruno.QwenTTS/ElBruno.QwenTTS.csproj" />
    <Project Path="src/ElBruno.QwenTTS.FileReader/ElBruno.QwenTTS.FileReader.csproj" />
    <Project Path="src/ElBruno.QwenTTS.Web/ElBruno.QwenTTS.Web.csproj" />
    <Project Path="src/ElBruno.QwenTTS.Web.Tests/ElBruno.QwenTTS.Web.Tests.csproj" />
    <Project Path="src/ElBruno.QwenTTS.BlazorComponents.Tests/ElBruno.QwenTTS.BlazorComponents.Tests.csproj" />
    <Project Path="src/ElBruno.QwenTTS.Benchmarks/ElBruno.QwenTTS.Benchmarks.csproj" />
    <Project Path="src/ElBruno.QwenTTS.Core.Tests/ElBruno.QwenTTS.Core.Tests.csproj" />
    <Project Path="src/ElBruno.QwenTTS.VoiceCloning/ElBruno.QwenTTS.VoiceCloning.csproj" />
    <Project Path="src/ElBruno.QwenTTS.VoiceCloning.Tests/ElBruno.QwenTTS.VoiceCloning.Tests.csproj" />
    <Project Path="src/ElBruno.QwenTTS.ServiceDefaults/ElBruno.QwenTTS.ServiceDefaults.csproj" />
  </Folder>
  <Folder Name="/tests/">
    <Project Path="tests/Issue30_17BNoiseTest/Issue30_17BNoiseTest.csproj" />
  </Folder>
  <Folder Name="/samples/">
    <Project Path="samples/BlazorQwenTtsDemo/BlazorQwenTtsDemo.csproj" />
    <Project Path="samples/BlazorQwenTtsDemo.Tests/BlazorQwenTtsDemo.Tests.csproj" />
    <Project Path="samples/BlazorQwenTtsDemo.AppHost/BlazorQwenTtsDemo.AppHost.csproj" />
  </Folder>
</Solution>
